
Microsoft Visual Studio Solution File, Format Version 12.00
# Visual Studio Version 17
VisualStudioVersion = 17.4.33213.308
MinimumVisualStudioVersion = 10.0.40219.1
Project("{8BC9CEB8-8B4A-11D0-8D11-00A0C91BC942}") = "MathTrig", "MathTrig\MathTrig.vcxproj", "{0538C77A-C476-4E7A-8644-B8A069C0E051}"
EndProject
Global
	GlobalSection(SolutionConfigurationPlatforms) = preSolution
		Debug|x64 = Debug|x64
		Debug|x86 = Debug|x86
		Release|x64 = Release|x64
		Release|x86 = Release|x86
	EndGlobalSection
	GlobalSection(ProjectConfigurationPlatforms) = postSolution
		{0538C77A-C476-4E7A-8644-B8A069C0E051}.Debug|x64.ActiveCfg = Debug|x64
		{0538C77A-C476-4E7A-8644-B8A069C0E051}.Debug|x64.Build.0 = Debug|x64
		{0538C77A-C476-4E7A-8644-B8A069C0E051}.Debug|x86.ActiveCfg = Debug|Win32
		{0538C77A-C476-4E7A-8644-B8A069C0E051}.Debug|x86.Build.0 = Debug|Win32
		{0538C77A-C476-4E7A-8644-B8A069C0E051}.Release|x64.ActiveCfg = Release|x64
		{0538C77A-C476-4E7A-8644-B8A069C0E051}.Release|x64.Build.0 = Release|x64
		{0538C77A-C476-4E7A-8644-B8A069C0E051}.Release|x86.ActiveCfg = Release|Win32
		{0538C77A-C476-4E7A-8644-B8A069C0E051}.Release|x86.Build.0 = Release|Win32
	EndGlobalSection
	GlobalSection(SolutionProperties) = preSolution
		HideSolutionNode = FALSE
	EndGlobalSection
	GlobalSection(ExtensibilityGlobals) = postSolution
		SolutionGuid = {80A8C29B-A087-42E7-B738-BB125B19EFBC}
	EndGlobalSection
EndGlobal
